
Microsoft Visual Studio Solution File, Format Version 12.00
# Visual Studio Version 17
VisualStudioVersion = 17.14.36109.1 d17.14
MinimumVisualStudioVersion = 10.0.40219.1
Project("{FAE04EC0-301F-11D3-BF4B-00C04F79EFBC}") = "SoundEffect_API", "SoundEffect_API\SoundEffect_API.csproj", "{B39CF04C-84FC-4D3D-84C0-A34F22732ABB}"
EndProject
Global
	GlobalSection(SolutionConfigurationPlatforms) = preSolution
		Debug|Any CPU = Debug|Any CPU
		Release|Any CPU = Release|Any CPU
	EndGlobalSection
	GlobalSection(ProjectConfigurationPlatforms) = postSolution
		{B39CF04C-84FC-4D3D-84C0-A34F22732ABB}.Debug|Any CPU.ActiveCfg = Debug|Any CPU
		{B39CF04C-84FC-4D3D-84C0-A34F22732ABB}.Debug|Any CPU.Build.0 = Debug|Any CPU
		{B39CF04C-84FC-4D3D-84C0-A34F22732ABB}.Release|Any CPU.ActiveCfg = Release|Any CPU
		{B39CF04C-84FC-4D3D-84C0-A34F22732ABB}.Release|Any CPU.Build.0 = Release|Any CPU
	EndGlobalSection
	GlobalSection(SolutionProperties) = preSolution
		HideSolutionNode = FALSE
	EndGlobalSection
	GlobalSection(ExtensibilityGlobals) = postSolution
		SolutionGuid = {83E75849-F864-4037-9174-C6B252254485}
	EndGlobalSection
EndGlobal
